{
  "name": "@tq-bit/node-red-contrib-server-sent-events",
  "version": "1.5.1",
  "lockfileVersion": 3,
  "requires": true,
  "packages": {
    "": {
      "name": "@tq-bit/node-red-contrib-server-sent-events",
      "version": "1.5.1",
      "license": "Apache License 2.0",
      "dependencies": {
        "eventsource": "3.0.7"
      },
      "engines": {
        "node": ">=16.0.0"
      }
    },
    "node_modules/eventsource": {
      "version": "3.0.7",
      "resolved": "https://registry.npmjs.org/eventsource/-/eventsource-3.0.7.tgz",
      "integrity": "sha512-CRT1WTyuQoD771GW56XEZFQ/ZoSfWid1alKGDYMmkt2yl8UXrVR4pspqWNEcqKvVIzg6PAltWjxcSSPrboA4iA==",
      "license": "MIT",
      "dependencies": {
        "eventsource-parser": "^3.0.1"
      },
      "engines": {
        "node": ">=18.0.0"
      }
    },
    "node_modules/eventsource-parser": {
      "version": "3.0.1",
      "resolved": "https://registry.npmjs.org/eventsource-parser/-/eventsource-parser-3.0.1.tgz",
      "integrity": "sha512-VARTJ9CYeuQYb0pZEPbzi740OWFgpHe7AYJ2WFZVnUDUQp5Dk2yJUgF36YsZ81cOyxT0QxmXD2EQpapAouzWVA==",
      "license": "MIT",
      "engines": {
        "node": ">=18.0.0"
      }
    }
  }
}
