{
  "name": "red-contrib-server-sent-events",
  "version": "1.2.7",
  "lockfileVersion": 3,
  "requires": true,
  "packages": {
    "": {
      "name": "red-contrib-server-sent-events",
      "version": "1.2.7",
      "license": "Apache License 2.0",
      "dependencies": {
        "eventsource": "^3.0.5"
      },
      "engines": {
        "node": ">=16.0.0"
      }
    },
    "node_modules/eventsource": {
      "version": "3.0.5",
      "resolved": "https://registry.npmjs.org/eventsource/-/eventsource-3.0.5.tgz",
      "integrity": "sha512-LT/5J605bx5SNyE+ITBDiM3FxffBiq9un7Vx0EwMDM3vg8sWKx/tO2zC+LMqZ+smAM0F2hblaDZUVZF0te2pSw==",
      "license": "MIT",
      "dependencies": {
        "eventsource-parser": "^3.0.0"
      },
      "engines": {
        "node": ">=18.0.0"
      }
    },
    "node_modules/eventsource-parser": {
      "version": "3.0.0",
      "resolved": "https://registry.npmjs.org/eventsource-parser/-/eventsource-parser-3.0.0.tgz",
      "integrity": "sha512-T1C0XCUimhxVQzW4zFipdx0SficT651NnkR0ZSH3yQwh+mFMdLfgjABVi4YtMTtaL4s168593DaoaRLMqryavA==",
      "license": "MIT",
      "engines": {
        "node": ">=18.0.0"
      }
    }
  }
}
